PODS:
  - Alamofire (4.7.3)
  - iCarousel (1.8.3)
  - Moya (11.0.2):
    - Moya/Core (= 11.0.2)
  - Moya/Core (11.0.2):
    - Alamofire (~> 4.1)
    - Result (~> 3.0)
  - Realm (3.10.0):
    - Realm/Headers (= 3.10.0)
  - Realm/Headers (3.10.0)
  - RealmSwift (3.10.0):
    - Realm (= 3.10.0)
  - Result (3.2.4)
  - SDWebImage (4.4.2):
    - SDWebImage/Core (= 4.4.2)
  - SDWebImage/Core (4.4.2)
  - SVProgressHUD (2.2.5)
  - SWSegmentedControl (2.6.1)

DEPENDENCIES:
  - iCarousel
  - Moya
  - RealmSwift
  - SDWebImage
  - SVProgressHUD
  - SWSegmentedControl

SPEC REPOS:
  https://github.com/cocoapods/specs.git:
    - Alamofire
    - iCarousel
    - Moya
    - Realm
    - RealmSwift
    - Result
    - SDWebImage
    - SVProgressHUD
    - SWSegmentedControl

SPEC CHECKSUMS:
  Alamofire: c7287b6e5d7da964a70935e5db17046b7fde6568
  iCarousel: d782f635afac190c49bb8ee455882284cff8b85f
  Moya: a725035953bc1c0eb1be505ab903984501d82440
  Realm: 85ab9e4f779d66f6e9ffeb118dc25b7f130c96ac
  RealmSwift: 69121c8b86d0ae005fb779efdb10e606732e1c74
  Result: d2d07204ce72856f1fd9130bbe42c35a7b0fea10
  SDWebImage: 624d6e296c69b244bcede364c72ae0430ac14681
  SVProgressHUD: 1428aafac632c1f86f62aa4243ec12008d7a51d6
  SWSegmentedControl: 5770c91bb4b438be300371221e38f4af5100bba2

PODFILE CHECKSUM: 1c5b0534814384150cd03f6e87f19b9b581da905

COCOAPODS: 1.5.3
